hash: edf8dda195d1b64f9d6c51a2a236532c77e2a2e0e11e159d4d5640e6b4ec810e
updated: 2018-01-22T22:20:04.7284136+01:00
imports:
- name: cloud.google.com/go
  version: 050b16d2314d5fc3d4c9a51e4cd5c7468e77f162
  subpackages:
  - compute/metadata
  - iam
  - internal
  - internal/optional
  - internal/version
  - storage
- name: github.com/aws/aws-sdk-go
  version: 9ed0c8de252f04ac45a65358377103d5a1aa2d92
  subpackages:
  - aws
  - aws/awserr
  - aws/awsutil
  - aws/client
  - aws/client/metadata
  - aws/corehandlers
  - aws/credentials
  - aws/credentials/ec2rolecreds
  - aws/credentials/endpointcreds
  - aws/credentials/stscreds
  - aws/defaults
  - aws/ec2metadata
  - aws/endpoints
  - aws/request
  - aws/session
  - aws/signer/v4
  - internal/shareddefaults
  - private/protocol
  - private/protocol/query
  - private/protocol/query/queryutil
  - private/protocol/rest
  - private/protocol/xml/xmlutil
  - service/cloudwatch
  - service/sts
- name: github.com/fatih/color
  version: 570b54cabe6b8eb0bc2dfce68d964677d63b5260
- name: github.com/go-ini/ini
  version: 32e4c1e6bc4e7d0d8451aa6b75200d19e37a536a
- name: github.com/golang/protobuf
  version: 1e59b77b52bf8e4b449a57e6f79f21226d571845
  subpackages:
  - proto
  - protoc-gen-go/descriptor
  - ptypes
  - ptypes/any
  - ptypes/duration
  - ptypes/timestamp
- name: github.com/googleapis/gax-go
  version: 317e0006254c44a0ac427cc52a0e083ff0b9622f
- name: github.com/jmespath/go-jmespath
  version: dd801d4f4ce7ac746e7e7b4489d2fa600b3b096b
- name: github.com/mattn/go-colorable
  version: 5411d3eea5978e6cdc258b30de592b60df6aba96
  repo: https://github.com/mattn/go-colorable
- name: github.com/mattn/go-isatty
  version: 57fdcb988a5c543893cc61bce354a6e24ab70022
  repo: https://github.com/mattn/go-isatty
- name: github.com/mediocregopher/radix.v2
  version: 4699b97613b74db996094bf03e19dd2ae90d8bbc
  subpackages:
  - redis
- name: github.com/sqs/goreturns
  version: e5bd430ebbfbdd93b81837ff965ce4464d26c8d9
  subpackages:
  - returns
- name: github.com/urfave/cli
  version: cfb38830724cc34fedffe9a2a29fb54fa9169cd1
- name: golang.org/x/build
  version: 97940473a28032bb129ed36168372b5087215f88
  subpackages:
  - autocertcache
- name: golang.org/x/crypto
  version: 31469a2049ca68f6ce80281568c2d81dc700f104
  subpackages:
  - acme
  - acme/autocert
- name: golang.org/x/net
  version: 5ccada7d0a7ba9aeb5d3aca8d3501b4c2a509fec
  subpackages:
  - context
  - context/ctxhttp
  - html
  - html/atom
  - http2
  - http2/hpack
  - idna
  - internal/timeseries
  - lex/httplex
  - trace
  - websocket
- name: golang.org/x/oauth2
  version: b28fcf2b08a19742b43084fb40ab78ac6c3d8067
  subpackages:
  - google
  - internal
  - jws
  - jwt
- name: golang.org/x/sys
  version: e24f485414aeafb646f6fca458b0bf869c0880a1
  repo: https://go.googlesource.com/sys
  subpackages:
  - unix
- name: golang.org/x/text
  version: e19ae1496984b1c655b8044a65c0300a3c878dd3
  subpackages:
  - secure/bidirule
  - transform
  - unicode/bidi
  - unicode/norm
- name: golang.org/x/tools
  version: 99037e3760ed7d9c772c980caee42b17779b80ce
  subpackages:
  - benchmark/parse
  - blog
  - blog/atom
  - cmd/guru
  - cmd/guru/serial
  - container/intsets
  - cover
  - go/ast/astutil
  - go/buildutil
  - go/callgraph
  - go/callgraph/cha
  - go/callgraph/rta
  - go/callgraph/static
  - go/gccgoexportdata
  - go/gcexportdata
  - go/gcimporter15
  - go/internal/gccgoimporter
  - go/loader
  - go/pointer
  - go/ssa
  - go/ssa/interp
  - go/ssa/ssautil
  - go/types/typeutil
  - godoc
  - godoc/analysis
  - godoc/dl
  - godoc/proxy
  - godoc/redirect
  - godoc/short
  - godoc/static
  - godoc/util
  - godoc/vfs
  - godoc/vfs/gatefs
  - godoc/vfs/httpfs
  - godoc/vfs/mapfs
  - godoc/vfs/zipfs
  - imports
  - playground
  - playground/socket
  - present
  - refactor/eg
  - refactor/importgraph
  - refactor/rename
  - refactor/satisfy
- name: google.golang.org/api
  version: bc96e9251952e80de14b88579b2e2e7d022ca939
  subpackages:
  - gensupport
  - googleapi
  - googleapi/internal/uritemplates
  - googleapi/transport
  - internal
  - iterator
  - option
  - storage/v1
  - transport/http
- name: google.golang.org/appengine
  version: 150dc57a1b433e64154302bdc40b6bb8aefa313a
  subpackages:
  - datastore
  - internal
  - internal/app_identity
  - internal/base
  - internal/datastore
  - internal/log
  - internal/memcache
  - internal/modules
  - internal/remote_api
  - internal/urlfetch
  - internal/user
  - log
  - memcache
  - urlfetch
  - user
- name: google.golang.org/genproto
  version: a8101f21cf983e773d0c1133ebc5424792003214
  subpackages:
  - googleapis/api/annotations
  - googleapis/iam/v1
  - googleapis/rpc/status
- name: google.golang.org/grpc
  version: b71aced4a2a1ee80a1cbbd26b85a57623790d7f4
  subpackages:
  - balancer
  - balancer/base
  - balancer/roundrobin
  - codes
  - connectivity
  - credentials
  - encoding
  - grpclb/grpc_lb_v1/messages
  - grpclog
  - internal
  - keepalive
  - metadata
  - naming
  - peer
  - resolver
  - resolver/dns
  - resolver/passthrough
  - stats
  - status
  - tap
  - transport
testImports: []
